
Microsoft Visual Studio Solution File, Format Version 12.00
# Visual Studio Version 16
VisualStudioVersion = 16.0.31205.134
MinimumVisualStudioVersion = 10.0.40219.1
Project("{FAE04EC0-301F-11D3-BF4B-00C04F79EFBC}") = "PrioList", "PrioList.csproj", "{4098FC7E-C1BD-4B9B-9908-34F7EC0A481D}"
EndProject
Global
	GlobalSection(SolutionConfigurationPlatforms) = preSolution
		Debug|Any CPU = Debug|Any CPU
		Release|Any CPU = Release|Any CPU
	EndGlobalSection
	GlobalSection(ProjectConfigurationPlatforms) = postSolution
		{4098FC7E-C1BD-4B9B-9908-34F7EC0A481D}.Debug|Any CPU.ActiveCfg = Debug|Any CPU
		{4098FC7E-C1BD-4B9B-9908-34F7EC0A481D}.Debug|Any CPU.Build.0 = Debug|Any CPU
		{4098FC7E-C1BD-4B9B-9908-34F7EC0A481D}.Release|Any CPU.ActiveCfg = Release|Any CPU
		{4098FC7E-C1BD-4B9B-9908-34F7EC0A481D}.Release|Any CPU.Build.0 = Release|Any CPU
	EndGlobalSection
	GlobalSection(SolutionProperties) = preSolution
		HideSolutionNode = FALSE
	EndGlobalSection
	GlobalSection(ExtensibilityGlobals) = postSolution
		SolutionGuid = {6A9DFE55-A663-43C0-96EE-894D4E1461AC}
	EndGlobalSection
EndGlobal
